
Microsoft Visual Studio Solution File, Format Version 12.00
# Visual Studio Version 16
VisualStudioVersion = 16.0.31005.135
MinimumVisualStudioVersion = 10.0.40219.1
Project("{FAE04EC0-301F-11D3-BF4B-00C04F79EFBC}") = "UserMoneyManagement", "UserMoneyManagement\UserMoneyManagement.csproj", "{FFC5B265-9216-4CD7-8425-931CE23214A7}"
EndProject
Global
	GlobalSection(SolutionConfigurationPlatforms) = preSolution
		Debug|Any CPU = Debug|Any CPU
		Release|Any CPU = Release|Any CPU
	EndGlobalSection
	GlobalSection(ProjectConfigurationPlatforms) = postSolution
		{FFC5B265-9216-4CD7-8425-931CE23214A7}.Debug|Any CPU.ActiveCfg = Debug|Any CPU
		{FFC5B265-9216-4CD7-8425-931CE23214A7}.Debug|Any CPU.Build.0 = Debug|Any CPU
		{FFC5B265-9216-4CD7-8425-931CE23214A7}.Release|Any CPU.ActiveCfg = Release|Any CPU
		{FFC5B265-9216-4CD7-8425-931CE23214A7}.Release|Any CPU.Build.0 = Release|Any CPU
	EndGlobalSection
	GlobalSection(SolutionProperties) = preSolution
		HideSolutionNode = FALSE
	EndGlobalSection
	GlobalSection(ExtensibilityGlobals) = postSolution
		SolutionGuid = {29B9F52F-7278-4806-BD75-E252DE0E89DD}
	EndGlobalSection
EndGlobal
